
Microsoft Visual Studio Solution File, Format Version 12.00
# Visual Studio Version 17
VisualStudioVersion = 17.2.32616.157
MinimumVisualStudioVersion = 10.0.40219.1
Project("{FAE04EC0-301F-11D3-BF4B-00C04F79EFBC}") = "Calculatorcs", "Calculatorcs.csproj", "{5B13D6CD-97A5-439A-8E4F-5F04A7A5CFA4}"
EndProject
Global
	GlobalSection(SolutionConfigurationPlatforms) = preSolution
		Debug|Any CPU = Debug|Any CPU
		Release|Any CPU = Release|Any CPU
	EndGlobalSection
	GlobalSection(ProjectConfigurationPlatforms) = postSolution
		{5B13D6CD-97A5-439A-8E4F-5F04A7A5CFA4}.Debug|Any CPU.ActiveCfg = Debug|Any CPU
		{5B13D6CD-97A5-439A-8E4F-5F04A7A5CFA4}.Debug|Any CPU.Build.0 = Debug|Any CPU
		{5B13D6CD-97A5-439A-8E4F-5F04A7A5CFA4}.Release|Any CPU.ActiveCfg = Release|Any CPU
		{5B13D6CD-97A5-439A-8E4F-5F04A7A5CFA4}.Release|Any CPU.Build.0 = Release|Any CPU
	EndGlobalSection
	GlobalSection(SolutionProperties) = preSolution
		HideSolutionNode = FALSE
	EndGlobalSection
	GlobalSection(ExtensibilityGlobals) = postSolution
		SolutionGuid = {CE394661-4DE3-4B48-A484-716682A73E27}
	EndGlobalSection
EndGlobal
